{
  "name": "spyfall-server",
  "version": "0.0.1",
  "lockfileVersion": 2,
  "requires": true,
  "packages": {
    "": {
      "name": "spyfall-server",
      "version": "0.0.1",
      "dependencies": {
        "heap-js": "^2.1.6"
      },
      "devDependencies": {
        "typescript": "^4.5.2"
      }
    },
    "node_modules/heap-js": {
      "version": "2.1.6",
      "resolved": "https://registry.npmjs.org/heap-js/-/heap-js-2.1.6.tgz",
      "integrity": "sha512-xQxyJg7VcgveAZtY0eAu7iCn+2VCqLBkQoz7G4RnOIEsmP82J/LnRdr0I2Mi/pThkP5tviL8yFq5utE3yOPYpQ==",
      "engines": {
        "node": ">=10.0.0"
      }
    },
    "node_modules/typescript": {
      "version": "4.5.5",
      "resolved": "https://registry.npmjs.org/typescript/-/typescript-4.5.5.tgz",
      "integrity": "sha512-TCTIul70LyWe6IJWT8QSYeA54WQe8EjQFU4wY52Fasj5UKx88LNYKCgBEHcOMOrFF1rKGbD8v/xcNWVUq9SymA==",
      "dev": true,
      "bin": {
        "tsc": "bin/tsc",
        "tsserver": "bin/tsserver"
      },
      "engines": {
        "node": ">=4.2.0"
      }
    }
  },
  "dependencies": {
    "heap-js": {
      "version": "2.1.6",
      "resolved": "https://registry.npmjs.org/heap-js/-/heap-js-2.1.6.tgz",
      "integrity": "sha512-xQxyJg7VcgveAZtY0eAu7iCn+2VCqLBkQoz7G4RnOIEsmP82J/LnRdr0I2Mi/pThkP5tviL8yFq5utE3yOPYpQ=="
    },
    "typescript": {
      "version": "4.5.5",
      "resolved": "https://registry.npmjs.org/typescript/-/typescript-4.5.5.tgz",
      "integrity": "sha512-TCTIul70LyWe6IJWT8QSYeA54WQe8EjQFU4wY52Fasj5UKx88LNYKCgBEHcOMOrFF1rKGbD8v/xcNWVUq9SymA==",
      "dev": true
    }
  }
}
