{
  "name": "spyfall-server",
  "version": "0.0.1",
  "lockfileVersion": 2,
  "requires": true,
  "packages": {
    "": {
      "name": "spyfall-server",
      "version": "0.0.1",
      "dependencies": {
        "bidirectional-map": "^1.1.1",
        "ml-array-mode": "^1.1.5"
      },
      "devDependencies": {
        "@types/bidirectional-map": "^1.0.1",
        "typescript": "^4.5.2"
      }
    },
    "node_modules/@types/bidirectional-map": {
      "version": "1.0.1",
      "resolved": "https://registry.npmjs.org/@types/bidirectional-map/-/bidirectional-map-1.0.1.tgz",
      "integrity": "sha512-CS8vichn5fKotLR7gFMyiNGZhaz83Fi+VTmPTbnWyXp1+aiuY5yliuptqFvZbAbyi9o1EzAVBSsb+1z1rHqUvA==",
      "dev": true
    },
    "node_modules/bidirectional-map": {
      "version": "1.1.1",
      "resolved": "https://registry.npmjs.org/bidirectional-map/-/bidirectional-map-1.1.1.tgz",
      "integrity": "sha512-qfpqHKQbSpc5Eev0W35FZoPnoNUvItDrHbVU0YYKkAOBCZ4Dp3CYi9tjAQcdmqN6ui/9+ioIkb9m0uz8EZqPkA=="
    },
    "node_modules/is-any-array": {
      "version": "2.0.0",
      "resolved": "https://registry.npmjs.org/is-any-array/-/is-any-array-2.0.0.tgz",
      "integrity": "sha512-WdPV58rT3aOWXvvyuBydnCq4S2BM1Yz8shKxlEpk/6x+GX202XRvXOycEFtNgnHVLoc46hpexPFx8Pz1/sMS0w=="
    },
    "node_modules/ml-array-mode": {
      "version": "1.1.5",
      "resolved": "https://registry.npmjs.org/ml-array-mode/-/ml-array-mode-1.1.5.tgz",
      "integrity": "sha512-30dWTShQq05UzL+ZoG5OuuDvRl3APdz/bHwgZTgqRAJKOZApaWNQxg/ZnN5i/Uls3AjqabRZ70/QhX+/0bfZEA==",
      "dependencies": {
        "is-any-array": "^2.0.0"
      }
    },
    "node_modules/typescript": {
      "version": "4.5.5",
      "resolved": "https://registry.npmjs.org/typescript/-/typescript-4.5.5.tgz",
      "integrity": "sha512-TCTIul70LyWe6IJWT8QSYeA54WQe8EjQFU4wY52Fasj5UKx88LNYKCgBEHcOMOrFF1rKGbD8v/xcNWVUq9SymA==",
      "dev": true,
      "bin": {
        "tsc": "bin/tsc",
        "tsserver": "bin/tsserver"
      },
      "engines": {
        "node": ">=4.2.0"
      }
    }
  },
  "dependencies": {
    "@types/bidirectional-map": {
      "version": "1.0.1",
      "resolved": "https://registry.npmjs.org/@types/bidirectional-map/-/bidirectional-map-1.0.1.tgz",
      "integrity": "sha512-CS8vichn5fKotLR7gFMyiNGZhaz83Fi+VTmPTbnWyXp1+aiuY5yliuptqFvZbAbyi9o1EzAVBSsb+1z1rHqUvA==",
      "dev": true
    },
    "bidirectional-map": {
      "version": "1.1.1",
      "resolved": "https://registry.npmjs.org/bidirectional-map/-/bidirectional-map-1.1.1.tgz",
      "integrity": "sha512-qfpqHKQbSpc5Eev0W35FZoPnoNUvItDrHbVU0YYKkAOBCZ4Dp3CYi9tjAQcdmqN6ui/9+ioIkb9m0uz8EZqPkA=="
    },
    "is-any-array": {
      "version": "2.0.0",
      "resolved": "https://registry.npmjs.org/is-any-array/-/is-any-array-2.0.0.tgz",
      "integrity": "sha512-WdPV58rT3aOWXvvyuBydnCq4S2BM1Yz8shKxlEpk/6x+GX202XRvXOycEFtNgnHVLoc46hpexPFx8Pz1/sMS0w=="
    },
    "ml-array-mode": {
      "version": "1.1.5",
      "resolved": "https://registry.npmjs.org/ml-array-mode/-/ml-array-mode-1.1.5.tgz",
      "integrity": "sha512-30dWTShQq05UzL+ZoG5OuuDvRl3APdz/bHwgZTgqRAJKOZApaWNQxg/ZnN5i/Uls3AjqabRZ70/QhX+/0bfZEA==",
      "requires": {
        "is-any-array": "^2.0.0"
      }
    },
    "typescript": {
      "version": "4.5.5",
      "resolved": "https://registry.npmjs.org/typescript/-/typescript-4.5.5.tgz",
      "integrity": "sha512-TCTIul70LyWe6IJWT8QSYeA54WQe8EjQFU4wY52Fasj5UKx88LNYKCgBEHcOMOrFF1rKGbD8v/xcNWVUq9SymA==",
      "dev": true
    }
  }
}
